# THIS IS AN AUTOGENERATED FILE. DO NOT EDIT THIS FILE DIRECTLY.
# yarn lockfile v1


bencode@^2.0.0:
  version "2.0.1"
  resolved "https://registry.yarnpkg.com/bencode/-/bencode-2.0.1.tgz#667a6a31c5e038d558608333da6b7c94e836c85b"
  integrity sha512-2uhEl8FdjSBUyb69qDTgOEeeqDTa+n3yMQzLW0cOzNf1Ow5bwcg3idf+qsWisIKRH8Bk8oC7UXL8irRcPA8ZEQ==
  dependencies:
    safe-buffer "^5.1.1"

blob-to-buffer@^1.2.6:
  version "1.2.8"
  resolved "https://registry.yarnpkg.com/blob-to-buffer/-/blob-to-buffer-1.2.8.tgz#78eeeb332f1280ed0ca6fb2b60693a8c6d36903a"
  integrity sha512-re0AIxakF504MgeMtIyJkVcZ8T5aUxtp/QmTMlmjyb3P44E1BEv5x3LATBGApWAJATyXHtkXRD+gWTmeyYLiQA==

block-stream2@^2.0.0:
  version "2.0.0"
  resolved "https://registry.yarnpkg.com/block-stream2/-/block-stream2-2.0.0.tgz#680b9d357ca8b9d5637f4ec8a41fb5968029108f"
  integrity sha512-1oI+RHHUEo64xomy1ozLgVJetFlHkIfQfJzTBQrj6xWnEMEPooeo2fZoqFjp0yzfHMBrgxwgh70tKp6T17+i3g==
  dependencies:
    readable-stream "^3.4.0"

create-torrent@^4.4.1:
  version "4.4.1"
  resolved "https://registry.yarnpkg.com/create-torrent/-/create-torrent-4.4.1.tgz#0f4068ce375ad69d1fe13bc8aad01a42cd69ebc6"
  integrity sha512-LuoXnCRMKEo3KR3jEbCRpP3Nu2TUhLTlb/axP9+rl+ouhBpxTaHaTTN1bdUS2x2VK3wWyCBl1OZHyHhlRBntWg==
  dependencies:
    bencode "^2.0.0"
    block-stream2 "^2.0.0"
    filestream "^5.0.0"
    is-file "^1.0.0"
    junk "^3.1.0"
    minimist "^1.1.0"
    multistream "^4.0.0"
    once "^1.3.0"
    piece-length "^2.0.1"
    readable-stream "^3.0.2"
    run-parallel "^1.0.0"
    simple-sha1 "^3.0.0"

decompress-response@^4.2.0:
  version "4.2.1"
  resolved "https://registry.yarnpkg.com/decompress-response/-/decompress-response-4.2.1.tgz#414023cc7a302da25ce2ec82d0d5238ccafd8986"
  integrity sha512-jOSne2qbyE+/r8G1VU+G/82LBs2Fs4LAsTiLSHOCOMZQl2OKZ6i8i4IyHemTe+/yIXOtTcRQMzPcgyhoFlqPkw==
  dependencies:
    mimic-response "^2.0.0"

filestream@^5.0.0:
  version "5.0.0"
  resolved "https://registry.yarnpkg.com/filestream/-/filestream-5.0.0.tgz#79015f3bae95ad0f47ef818694846f085087b92e"
  integrity sha512-5H3RqSaJp12THfZiNWodYM7TiKfQvrpX+EIOrB1XvCceTys4yvfEIl8wDp+/yI8qj6Bxym8m0NYWwVXDAet/+A==
  dependencies:
    readable-stream "^3.4.0"
    typedarray-to-buffer "^3.0.0"

get-stdin@^7.0.0:
  version "7.0.0"
  resolved "https://registry.yarnpkg.com/get-stdin/-/get-stdin-7.0.0.tgz#8d5de98f15171a125c5e516643c7a6d0ea8a96f6"
  integrity sha512-zRKcywvrXlXsA0v0i9Io4KDRaAw7+a1ZpjRwl9Wox8PFlVCCHra7E9c4kqXCoCM9nR5tBkaTTZRBoCm60bFqTQ==

inherits@^2.0.3:
  version "2.0.4"
  resolved "https://registry.yarnpkg.com/inherits/-/inherits-2.0.4.tgz#0fa2c64f932917c3433a0ded55363aae37416b7c"
  integrity sha512-k/vGaX4/Yla3WzyMCvTQOXYeIHvqOKtnqBduzTHpzpQZzAskKMhZ2K+EnBiSM9zGSoIFeMpXKxa4dYeZIQqewQ==

is-file@^1.0.0:
  version "1.0.0"
  resolved "https://registry.yarnpkg.com/is-file/-/is-file-1.0.0.tgz#28a44cfbd9d3db193045f22b65fce8edf9620596"
  integrity sha1-KKRM+9nT2xkwRfIrZfzo7fliBZY=

is-typedarray@^1.0.0:
  version "1.0.0"
  resolved "https://registry.yarnpkg.com/is-typedarray/-/is-typedarray-1.0.0.tgz#e479c80858df0c1b11ddda6940f96011fcda4a9a"
  integrity sha1-5HnICFjfDBsR3dppQPlgEfzaSpo=

junk@^3.1.0:
  version "3.1.0"
  resolved "https://registry.yarnpkg.com/junk/-/junk-3.1.0.tgz#31499098d902b7e98c5d9b9c80f43457a88abfa1"
  integrity sha512-pBxcB3LFc8QVgdggvZWyeys+hnrNWg4OcZIU/1X59k5jQdLBlCsYGRQaz234SqoRLTCgMH00fY0xRJH+F9METQ==

magnet-uri@^5.1.3:
  version "5.2.4"
  resolved "https://registry.yarnpkg.com/magnet-uri/-/magnet-uri-5.2.4.tgz#7afe5b736af04445aff744c93a890a3710077688"
  integrity sha512-VYaJMxhr8B9BrCiNINUsuhaEe40YnG+AQBwcqUKO66lSVaI9I3A1iH/6EmEwRI8OYUg5Gt+4lLE7achg676lrg==
  dependencies:
    thirty-two "^1.0.1"
    uniq "^1.0.1"

mimic-response@^2.0.0:
  version "2.0.0"
  resolved "https://registry.yarnpkg.com/mimic-response/-/mimic-response-2.0.0.tgz#996a51c60adf12cb8a87d7fb8ef24c2f3d5ebb46"
  integrity sha512-8ilDoEapqA4uQ3TwS0jakGONKXVJqpy+RpM+3b7pLdOjghCrEiGp9SRkFbUHAmZW9vdnrENWHjaweIoTIJExSQ==

minimist@^1.1.0:
  version "1.2.0"
  resolved "https://registry.yarnpkg.com/minimist/-/minimist-1.2.0.tgz#a35008b20f41383eec1fb914f4cd5df79a264284"
  integrity sha1-o1AIsg9BOD7sH7kU9M1d95omQoQ=

multistream@^4.0.0:
  version "4.0.0"
  resolved "https://registry.yarnpkg.com/multistream/-/multistream-4.0.0.tgz#c771b6d17d169138b6abcb15f0061170e3c09cea"
  integrity sha512-t0C8MAtH/d3Y+5nooEtUMWli92lVw9Jhx4uOhRl5GAwS5vc+YTmp/VXNJNsCBAMeEyK/6zhbk6x9JE3AiCvo4g==
  dependencies:
    readable-stream "^3.4.0"

once@^1.3.0, once@^1.3.1:
  version "1.4.0"
  resolved "https://registry.yarnpkg.com/once/-/once-1.4.0.tgz#583b1aa775961d4b113ac17d9c50baef9dd76bd1"
  integrity sha1-WDsap3WWHUsROsF9nFC6753Xa9E=
  dependencies:
    wrappy "1"

parse-torrent@^7.0.1:
  version "7.0.1"
  resolved "https://registry.yarnpkg.com/parse-torrent/-/parse-torrent-7.0.1.tgz#669c51a95363550055c7de0957741d6a05575daf"
  integrity sha512-FdF1kBImRLt+ICV4NTz8L+sI2hFlPXAq1tXuw21gKz8EuThyVUFJ/wPfBEyYQrvnBpmGf7cM/LVSOhMRe8MrKw==
  dependencies:
    bencode "^2.0.0"
    blob-to-buffer "^1.2.6"
    get-stdin "^7.0.0"
    magnet-uri "^5.1.3"
    simple-get "^3.0.1"
    simple-sha1 "^3.0.0"
    uniq "^1.0.1"

piece-length@^2.0.1:
  version "2.0.1"
  resolved "https://registry.yarnpkg.com/piece-length/-/piece-length-2.0.1.tgz#dbed4e78976955f34466d0a65304d0cb21914ac9"
  integrity sha512-dBILiDmm43y0JPISWEmVGKBETQjwJe6mSU9GND+P9KW0SJGUwoU/odyH1nbalOP9i8WSYuqf1lQnaj92Bhw+Ug==

queue-microtask@^1.1.2:
  version "1.1.2"
  resolved "https://registry.yarnpkg.com/queue-microtask/-/queue-microtask-1.1.2.tgz#139bf8186db0c545017ec66c2664ac646d5c571e"
  integrity sha512-F9wwNePtXrzZenAB3ax0Y8TSKGvuB7Qw16J30hspEUTbfUM+H827XyN3rlpwhVmtm5wuZtbKIHjOnwDn7MUxWQ==

readable-stream@^3.0.2, readable-stream@^3.4.0:
  version "3.5.0"
  resolved "https://registry.yarnpkg.com/readable-stream/-/readable-stream-3.5.0.tgz#465d70e6d1087f6162d079cd0b5db7fbebfd1606"
  integrity sha512-gSz026xs2LfxBPudDuI41V1lka8cxg64E66SGe78zJlsUofOg/yqwezdIcdfwik6B4h8LFmWPA9ef9X3FiNFLA==
  dependencies:
    inherits "^2.0.3"
    string_decoder "^1.1.1"
    util-deprecate "^1.0.1"

run-parallel@^1.0.0:
  version "1.1.9"
  resolved "https://registry.yarnpkg.com/run-parallel/-/run-parallel-1.1.9.tgz#c9dd3a7cf9f4b2c4b6244e173a6ed866e61dd679"
  integrity sha512-DEqnSRTDw/Tc3FXf49zedI638Z9onwUotBMiUFKmrO2sdFKIbXamXGQ3Axd4qgphxKB4kw/qP1w5kTxnfU1B9Q==

rusha@^0.8.1:
  version "0.8.13"
  resolved "https://registry.yarnpkg.com/rusha/-/rusha-0.8.13.tgz#9a084e7b860b17bff3015b92c67a6a336191513a"
  integrity sha1-mghOe4YLF7/zAVuSxnpqM2GRUTo=

safe-buffer@^5.1.1, safe-buffer@~5.2.0:
  version "5.2.0"
  resolved "https://registry.yarnpkg.com/safe-buffer/-/safe-buffer-5.2.0.tgz#b74daec49b1148f88c64b68d49b1e815c1f2f519"
  integrity sha512-fZEwUGbVl7kouZs1jCdMLdt95hdIv0ZeHg6L7qPeciMZhZ+/gdesW4wgTARkrFWEpspjEATAzUGPG8N2jJiwbg==

simple-concat@^1.0.0:
  version "1.0.0"
  resolved "https://registry.yarnpkg.com/simple-concat/-/simple-concat-1.0.0.tgz#7344cbb8b6e26fb27d66b2fc86f9f6d5997521c6"
  integrity sha1-c0TLuLbib7J9ZrL8hvn21Zl1IcY=

simple-get@^3.0.1:
  version "3.1.0"
  resolved "https://registry.yarnpkg.com/simple-get/-/simple-get-3.1.0.tgz#b45be062435e50d159540b576202ceec40b9c6b3"
  integrity sha512-bCR6cP+aTdScaQCnQKbPKtJOKDp/hj9EDLJo3Nw4y1QksqaovlW/bnptB6/c1e+qmNIDHRK+oXFDdEqBT8WzUA==
  dependencies:
    decompress-response "^4.2.0"
    once "^1.3.1"
    simple-concat "^1.0.0"

simple-sha1@^3.0.0:
  version "3.0.1"
  resolved "https://registry.yarnpkg.com/simple-sha1/-/simple-sha1-3.0.1.tgz#b34c3c978d74ac4baf99b6555c1e6736e0d6e700"
  integrity sha512-q7ehqWfHc1VhOm7sW099YDZ4I0yYX7rqyhqqhHV1IYeUTjPOhHyD3mXvv8k2P+rO7+7c8R4/D+8ffzC9BE7Cqg==
  dependencies:
    queue-microtask "^1.1.2"
    rusha "^0.8.1"

string_decoder@^1.1.1:
  version "1.3.0"
  resolved "https://registry.yarnpkg.com/string_decoder/-/string_decoder-1.3.0.tgz#42f114594a46cf1a8e30b0a84f56c78c3edac21e"
  integrity sha512-hkRX8U1WjJFd8LsDJ2yQ/wWWxaopEsABU1XfkM8A+j0+85JAGppt16cr1Whg6KIbb4okU6Mql6BOj+uup/wKeA==
  dependencies:
    safe-buffer "~5.2.0"

thirty-two@^1.0.1:
  version "1.0.2"
  resolved "https://registry.yarnpkg.com/thirty-two/-/thirty-two-1.0.2.tgz#4ca2fffc02a51290d2744b9e3f557693ca6b627a"
  integrity sha1-TKL//AKlEpDSdEueP1V2k8prYno=

typedarray-to-buffer@^3.0.0:
  version "3.1.5"
  resolved "https://registry.yarnpkg.com/typedarray-to-buffer/-/typedarray-to-buffer-3.1.5.tgz#a97ee7a9ff42691b9f783ff1bc5112fe3fca9080"
  integrity sha512-zdu8XMNEDepKKR+XYOXAVPtWui0ly0NtohUscw+UmaHiAWT8hrV1rr//H6V+0DvJ3OQ19S979M0laLfX8rm82Q==
  dependencies:
    is-typedarray "^1.0.0"

uniq@^1.0.1:
  version "1.0.1"
  resolved "https://registry.yarnpkg.com/uniq/-/uniq-1.0.1.tgz#b31c5ae8254844a3a8281541ce2b04b865a734ff"
  integrity sha1-sxxa6CVIRKOoKBVBzisEuGWnNP8=

util-deprecate@^1.0.1:
  version "1.0.2"
  resolved "https://registry.yarnpkg.com/util-deprecate/-/util-deprecate-1.0.2.tgz#450d4dc9fa70de732762fbd2d4a28981419a0ccf"
  integrity sha1-RQ1Nyfpw3nMnYvvS1KKJgUGaDM8=

wrappy@1:
  version "1.0.2"
  resolved "https://registry.yarnpkg.com/wrappy/-/wrappy-1.0.2.tgz#b5243d8f3ec1aa35f1364605bc0d1036e30ab69f"
  integrity sha1-tSQ9jz7BqjXxNkYFvA0QNuMKtp8=
